// !$*UTF8*$!
{
	archiveVersion = 1;
	classes = {
	};
	objectVersion = 46;
	objects = {

/* Begin PBXBuildFile section */
		771956E3195B8B070061A30F /* PlayerViewController.m in Sources */ = {isa = PBXBuildFile; fileRef = 771956E2195B8B070061A30F /* PlayerViewController.m */; };
		772C675119549F520029CC10 /* Foundation.framework in Frameworks */ = {isa = PBXBuildFile; fileRef = 772C675019549F520029CC10 /* Foundation.framework */; };
		772C675319549F520029CC10 /* CoreGraphics.framework in Frameworks */ = {isa = PBXBuildFile; fileRef = 772C675219549F520029CC10 /* CoreGraphics.framework */; };
		772C675519549F520029CC10 /* UIKit.framework in Frameworks */ = {isa = PBXBuildFile; fileRef = 772C675419549F520029CC10 /* UIKit.framework */; };
		772C675B19549F520029CC10 /* InfoPlist.strings in Resources */ = {isa = PBXBuildFile; fileRef = 772C675919549F520029CC10 /* InfoPlist.strings */; };
		772C675D19549F520029CC10 /* main.m in Sources */ = {isa = PBXBuildFile; fileRef = 772C675C19549F520029CC10 /* main.m */; };
		772C676119549F520029CC10 /* AppDelegate.m in Sources */ = {isa = PBXBuildFile; fileRef = 772C676019549F520029CC10 /* AppDelegate.m */; };
		772C676419549F520029CC10 /* Main.storyboard in Resources */ = {isa = PBXBuildFile; fileRef = 772C676219549F520029CC10 /* Main.storyboard */; };
		772C676719549F520029CC10 /* MasterViewController.m in Sources */ = {isa = PBXBuildFile; fileRef = 772C676619549F520029CC10 /* MasterViewController.m */; };
		772C676A19549F520029CC10 /* DetailViewController.m in Sources */ = {isa = PBXBuildFile; fileRef = 772C676919549F520029CC10 /* DetailViewController.m */; };
		772C676C19549F520029CC10 /* Images.xcassets in Resources */ = {isa = PBXBuildFile; fileRef = 772C676B19549F520029CC10 /* Images.xcassets */; };
		772C677319549F520029CC10 /* XCTest.framework in Frameworks */ = {isa = PBXBuildFile; fileRef = 772C677219549F520029CC10 /* XCTest.framework */; };
		772C677419549F520029CC10 /* Foundation.framework in Frameworks */ = {isa = PBXBuildFile; fileRef = 772C675019549F520029CC10 /* Foundation.framework */; };
		772C677519549F520029CC10 /* UIKit.framework in Frameworks */ = {isa = PBXBuildFile; fileRef = 772C675419549F520029CC10 /* UIKit.framework */; };
		772C677D19549F520029CC10 /* InfoPlist.strings in Resources */ = {isa = PBXBuildFile; fileRef = 772C677B19549F520029CC10 /* InfoPlist.strings */; };
		772C677F19549F520029CC10 /* WorldCupScoresTests.m in Sources */ = {isa = PBXBuildFile; fileRef = 772C677E19549F520029CC10 /* WorldCupScoresTests.m */; };
		77CEC537195B7E2D00410ECB /* HomePlayersTVC.m in Sources */ = {isa = PBXBuildFile; fileRef = 77CEC536195B7E2D00410ECB /* HomePlayersTVC.m */; };
		77CEC53A195B7E4D00410ECB /* AwayPlayersTVC.m in Sources */ = {isa = PBXBuildFile; fileRef = 77CEC539195B7E4D00410ECB /* AwayPlayersTVC.m */; };
/* End PBXBuildFile section */

/* Begin PBXContainerItemProxy section */
		772C677619549F520029CC10 /* PBXContainerItemProxy */ = {
			isa = PBXContainerItemProxy;
			containerPortal = 772C674519549F520029CC10 /* Project object */;
			proxyType = 1;
			remoteGlobalIDString = 772C674C19549F520029CC10;
			remoteInfo = WorldCupScores;
		};
/* End PBXContainerItemProxy section */

/* Begin PBXFileReference section */
		771956E1195B8B070061A30F /* PlayerViewController.h */ = {isa = PBXFileReference; fileEncoding = 4; lastKnownFileType = sourcecode.c.h; path = PlayerViewController.h; sourceTree = "<group>"; };
		771956E2195B8B070061A30F /* PlayerViewController.m */ = {isa = PBXFileReference; fileEncoding = 4; lastKnownFileType = sourcecode.c.objc; path = PlayerViewController.m; sourceTree = "<group>"; };
		772C674D19549F520029CC10 /* WorldCupScores.app */ = {isa = PBXFileReference; explicitFileType = wrapper.application; includeInIndex = 0; path = WorldCupScores.app; sourceTree = BUILT_PRODUCTS_DIR; };
		772C675019549F520029CC10 /* Foundation.framework */ = {isa = PBXFileReference; lastKnownFileType = wrapper.framework; name = Foundation.framework; path = System/Library/Frameworks/Foundation.framework; sourceTree = SDKROOT; };
		772C675219549F520029CC10 /* CoreGraphics.framework */ = {isa = PBXFileReference; lastKnownFileType = wrapper.framework; name = CoreGraphics.framework; path = System/Library/Frameworks/CoreGraphics.framework; sourceTree = SDKROOT; };
		772C675419549F520029CC10 /* UIKit.framework */ = {isa = PBXFileReference; lastKnownFileType = wrapper.framework; name = UIKit.framework; path = System/Library/Frameworks/UIKit.framework; sourceTree = SDKROOT; };
		772C675819549F520029CC10 /* WorldCupScores-Info.plist */ = {isa = PBXFileReference; lastKnownFileType = text.plist.xml; path = "WorldCupScores-Info.plist"; sourceTree = "<group>"; };
		772C675A19549F520029CC10 /* en */ = {isa = PBXFileReference; lastKnownFileType = text.plist.strings; name = en; path = en.lproj/InfoPlist.strings; sourceTree = "<group>"; };
		772C675C19549F520029CC10 /* main.m */ = {isa = PBXFileReference; lastKnownFileType = sourcecode.c.objc; path = main.m; sourceTree = "<group>"; };
		772C675E19549F520029CC10 /* WorldCupScores-Prefix.pch */ = {isa = PBXFileReference; lastKnownFileType = sourcecode.c.h; path = "WorldCupScores-Prefix.pch"; sourceTree = "<group>"; };
		772C675F19549F520029CC10 /* AppDelegate.h */ = {isa = PBXFileReference; lastKnownFileType = sourcecode.c.h; path = AppDelegate.h; sourceTree = "<group>"; };
		772C676019549F520029CC10 /* AppDelegate.m */ = {isa = PBXFileReference; lastKnownFileType = sourcecode.c.objc; path = AppDelegate.m; sourceTree = "<group>"; };
		772C676319549F520029CC10 /* Base */ = {isa = PBXFileReference; lastKnownFileType = file.storyboard; name = Base; path = Base.lproj/Main.storyboard; sourceTree = "<group>"; };
		772C676519549F520029CC10 /* MasterViewController.h */ = {isa = PBXFileReference; lastKnownFileType = sourcecode.c.h; path = MasterViewController.h; sourceTree = "<group>"; };
		772C676619549F520029CC10 /* MasterViewController.m */ = {isa = PBXFileReference; lastKnownFileType = sourcecode.c.objc; path = MasterViewController.m; sourceTree = "<group>"; };
		772C676819549F520029CC10 /* DetailViewController.h */ = {isa = PBXFileReference; lastKnownFileType = sourcecode.c.h; path = DetailViewController.h; sourceTree = "<group>"; };
		772C676919549F520029CC10 /* DetailViewController.m */ = {isa = PBXFileReference; lastKnownFileType = sourcecode.c.objc; path = DetailViewController.m; sourceTree = "<group>"; };
		772C676B19549F520029CC10 /* Images.xcassets */ = {isa = PBXFileReference; lastKnownFileType = folder.assetcatalog; path = Images.xcassets; sourceTree = "<group>"; };
		772C677119549F520029CC10 /* WorldCupScoresTests.xctest */ = {isa = PBXFileReference; explicitFileType = wrapper.cfbundle; includeInIndex = 0; path = WorldCupScoresTests.xctest; sourceTree = BUILT_PRODUCTS_DIR; };
		772C677219549F520029CC10 /* XCTest.framework */ = {isa = PBXFileReference; lastKnownFileType = wrapper.framework; name = XCTest.framework; path = Library/Frameworks/XCTest.framework; sourceTree = DEVELOPER_DIR; };
		772C677A19549F520029CC10 /* WorldCupScoresTests-Info.plist */ = {isa = PBXFileReference; lastKnownFileType = text.plist.xml; path = "WorldCupScoresTests-Info.plist"; sourceTree = "<group>"; };
		772C677C19549F520029CC10 /* en */ = {isa = PBXFileReference; lastKnownFileType = text.plist.strings; name = en; path = en.lproj/InfoPlist.strings; sourceTree = "<group>"; };
		772C677E19549F520029CC10 /* WorldCupScoresTests.m */ = {isa = PBXFileReference; lastKnownFileType = sourcecode.c.objc; path = WorldCupScoresTests.m; sourceTree = "<group>"; };
		77CEC535195B7E2D00410ECB /* HomePlayersTVC.h */ = {isa = PBXFileReference; fileEncoding = 4; lastKnownFileType = sourcecode.c.h; path = HomePlayersTVC.h; sourceTree = "<group>"; };
		77CEC536195B7E2D00410ECB /* HomePlayersTVC.m */ = {isa = PBXFileReference; fileEncoding = 4; lastKnownFileType = sourcecode.c.objc; path = HomePlayersTVC.m; sourceTree = "<group>"; };
		77CEC538195B7E4D00410ECB /* AwayPlayersTVC.h */ = {isa = PBXFileReference; fileEncoding = 4; lastKnownFileType = sourcecode.c.h; path = AwayPlayersTVC.h; sourceTree = "<group>"; };
		77CEC539195B7E4D00410ECB /* AwayPlayersTVC.m */ = {isa = PBXFileReference; fileEncoding = 4; lastKnownFileType = sourcecode.c.objc; path = AwayPlayersTVC.m; sourceTree = "<group>"; };
		B2F50FD419563DF100AE6770 /* iTunesArtwork@2x.png */ = {isa = PBXFileReference; lastKnownFileType = image.png; path = "iTunesArtwork@2x.png"; sourceTree = "<group>"; };
/* End PBXFileReference section */

/* Begin PBXFrameworksBuildPhase section */
		772C674A19549F520029CC10 /* Frameworks */ = {
			isa = PBXFrameworksBuildPhase;
			buildActionMask = 2147483647;
			files = (
				772C675319549F520029CC10 /* CoreGraphics.framework in Frameworks */,
				772C675519549F520029CC10 /* UIKit.framework in Frameworks */,
				772C675119549F520029CC10 /* Foundation.framework in Frameworks */,
			);
			runOnlyForDeploymentPostprocessing = 0;
		};
		772C676E19549F520029CC10 /* Frameworks */ = {
			isa = PBXFrameworksBuildPhase;
			buildActionMask = 2147483647;
			files = (
				772C677319549F520029CC10 /* XCTest.framework in Frameworks */,
				772C677519549F520029CC10 /* UIKit.framework in Frameworks */,
				772C677419549F520029CC10 /* Foundation.framework in Frameworks */,
			);
			runOnlyForDeploymentPostprocessing = 0;
		};
/* End PBXFrameworksBuildPhase section */

/* Begin PBXGroup section */
		772C674419549F520029CC10 = {
			isa = PBXGroup;
			children = (
				B2F50FD419563DF100AE6770 /* iTunesArtwork@2x.png */,
				772C675619549F520029CC10 /* WorldCupScores */,
				772C677819549F520029CC10 /* WorldCupScoresTests */,
				772C674F19549F520029CC10 /* Frameworks */,
				772C674E19549F520029CC10 /* Products */,
			);
			sourceTree = "<group>";
		};
		772C674E19549F520029CC10 /* Products */ = {
			isa = PBXGroup;
			children = (
				772C674D19549F520029CC10 /* WorldCupScores.app */,
				772C677119549F520029CC10 /* WorldCupScoresTests.xctest */,
			);
			name = Products;
			sourceTree = "<group>";
		};
		772C674F19549F520029CC10 /* Frameworks */ = {
			isa = PBXGroup;
			children = (
				772C675019549F520029CC10 /* Foundation.framework */,
				772C675219549F520029CC10 /* CoreGraphics.framework */,
				772C675419549F520029CC10 /* UIKit.framework */,
				772C677219549F520029CC10 /* XCTest.framework */,
			);
			name = Frameworks;
			sourceTree = "<group>";
		};
		772C675619549F520029CC10 /* WorldCupScores */ = {
			isa = PBXGroup;
			children = (
				772C675F19549F520029CC10 /* AppDelegate.h */,
				772C676019549F520029CC10 /* AppDelegate.m */,
				772C676219549F520029CC10 /* Main.storyboard */,
				772C676519549F520029CC10 /* MasterViewController.h */,
				772C676619549F520029CC10 /* MasterViewController.m */,
				772C676819549F520029CC10 /* DetailViewController.h */,
				772C676919549F520029CC10 /* DetailViewController.m */,
				77CEC535195B7E2D00410ECB /* HomePlayersTVC.h */,
				77CEC536195B7E2D00410ECB /* HomePlayersTVC.m */,
				77CEC538195B7E4D00410ECB /* AwayPlayersTVC.h */,
				77CEC539195B7E4D00410ECB /* AwayPlayersTVC.m */,
				771956E1195B8B070061A30F /* PlayerViewController.h */,
				771956E2195B8B070061A30F /* PlayerViewController.m */,
				772C676B19549F520029CC10 /* Images.xcassets */,
				772C675719549F520029CC10 /* Supporting Files */,
			);
			path = WorldCupScores;
			sourceTree = "<group>";
		};
		772C675719549F520029CC10 /* Supporting Files */ = {
			isa = PBXGroup;
			children = (
				772C675819549F520029CC10 /* WorldCupScores-Info.plist */,
				772C675919549F520029CC10 /* InfoPlist.strings */,
				772C675C19549F520029CC10 /* main.m */,
				772C675E19549F520029CC10 /* WorldCupScores-Prefix.pch */,
			);
			name = "Supporting Files";
			sourceTree = "<group>";
		};
		772C677819549F520029CC10 /* WorldCupScoresTests */ = {
			isa = PBXGroup;
			children = (
				772C677E19549F520029CC10 /* WorldCupScoresTests.m */,
				772C677919549F520029CC10 /* Supporting Files */,
			);
			path = WorldCupScoresTests;
			sourceTree = "<group>";
		};
		772C677919549F520029CC10 /* Supporting Files */ = {
			isa = PBXGroup;
			children = (
				772C677A19549F520029CC10 /* WorldCupScoresTests-Info.plist */,
				772C677B19549F520029CC10 /* InfoPlist.strings */,
			);
			name = "Supporting Files";
			sourceTree = "<group>";
		};
/* End PBXGroup section */

/* Begin PBXNativeTarget section */
		772C674C19549F520029CC10 /* WorldCupScores */ = {
			isa = PBXNativeTarget;
			buildConfigurationList = 772C678219549F520029CC10 /* Build configuration list for PBXNativeTarget "WorldCupScores" */;
			buildPhases = (
				772C674919549F520029CC10 /* Sources */,
				772C674A19549F520029CC10 /* Frameworks */,
				772C674B19549F520029CC10 /* Resources */,
			);
			buildRules = (
			);
			dependencies = (
			);
			name = WorldCupScores;
			productName = WorldCupScores;
			productReference = 772C674D19549F520029CC10 /* WorldCupScores.app */;
			productType = "com.apple.product-type.application";
		};
		772C677019549F520029CC10 /* WorldCupScoresTests */ = {
			isa = PBXNativeTarget;
			buildConfigurationList = 772C678519549F520029CC10 /* Build configuration list for PBXNativeTarget "WorldCupScoresTests" */;
			buildPhases = (
				772C676D19549F520029CC10 /* Sources */,
				772C676E19549F520029CC10 /* Frameworks */,
				772C676F19549F520029CC10 /* Resources */,
			);
			buildRules = (
			);
			dependencies = (
				772C677719549F520029CC10 /* PBXTargetDependency */,
			);
			name = WorldCupScoresTests;
			productName = WorldCupScoresTests;
			productReference = 772C677119549F520029CC10 /* WorldCupScoresTests.xctest */;
			productType = "com.apple.product-type.bundle.unit-test";
		};
/* End PBXNativeTarget section */

/* Begin PBXProject section */
		772C674519549F520029CC10 /* Project object */ = {
			isa = PBXProject;
			attributes = {
				LastUpgradeCheck = 0500;
				ORGANIZATIONNAME = "Benjamin Hendricks";
				TargetAttributes = {
					772C674C19549F520029CC10 = {
						DevelopmentTeam = 3S69KQR59A;
					};
					772C677019549F520029CC10 = {
						TestTargetID = 772C674C19549F520029CC10;
					};
				};
			};
			buildConfigurationList = 772C674819549F520029CC10 /* Build configuration list for PBXProject "WorldCupScores" */;
			compatibilityVersion = "Xcode 3.2";
			developmentRegion = English;
			hasScannedForEncodings = 0;
			knownRegions = (
				en,
				Base,
			);
			mainGroup = 772C674419549F520029CC10;
			productRefGroup = 772C674E19549F520029CC10 /* Products */;
			projectDirPath = "";
			projectRoot = "";
			targets = (
				772C674C19549F520029CC10 /* WorldCupScores */,
				772C677019549F520029CC10 /* WorldCupScoresTests */,
			);
		};
/* End PBXProject section */

/* Begin PBXResourcesBuildPhase section */
		772C674B19549F520029CC10 /* Resources */ = {
			isa = PBXResourcesBuildPhase;
			buildActionMask = 2147483647;
			files = (
				772C676C19549F520029CC10 /* Images.xcassets in Resources */,
				772C675B19549F520029CC10 /* InfoPlist.strings in Resources */,
				772C676419549F520029CC10 /* Main.storyboard in Resources */,
			);
			runOnlyForDeploymentPostprocessing = 0;
		};
		772C676F19549F520029CC10 /* Resources */ = {
			isa = PBXResourcesBuildPhase;
			buildActionMask = 2147483647;
			files = (
				772C677D19549F520029CC10 /* InfoPlist.strings in Resources */,
			);
			runOnlyForDeploymentPostprocessing = 0;
		};
/* End PBXResourcesBuildPhase section */

/* Begin PBXSourcesBuildPhase section */
		772C674919549F520029CC10 /* Sources */ = {
			isa = PBXSourcesBuildPhase;
			buildActionMask = 2147483647;
			files = (
				771956E3195B8B070061A30F /* PlayerViewController.m in Sources */,
				772C676119549F520029CC10 /* AppDelegate.m in Sources */,
				772C676719549F520029CC10 /* MasterViewController.m in Sources */,
				77CEC537195B7E2D00410ECB /* HomePlayersTVC.m in Sources */,
				772C675D19549F520029CC10 /* main.m in Sources */,
				77CEC53A195B7E4D00410ECB /* AwayPlayersTVC.m in Sources */,
				772C676A19549F520029CC10 /* DetailViewController.m in Sources */,
			);
			runOnlyForDeploymentPostprocessing = 0;
		};
		772C676D19549F520029CC10 /* Sources */ = {
			isa = PBXSourcesBuildPhase;
			buildActionMask = 2147483647;
			files = (
				772C677F19549F520029CC10 /* WorldCupScoresTests.m in Sources */,
			);
			runOnlyForDeploymentPostprocessing = 0;
		};
/* End PBXSourcesBuildPhase section */

/* Begin PBXTargetDependency section */
		772C677719549F520029CC10 /* PBXTargetDependency */ = {
			isa = PBXTargetDependency;
			target = 772C674C19549F520029CC10 /* WorldCupScores */;
			targetProxy = 772C677619549F520029CC10 /* PBXContainerItemProxy */;
		};
/* End PBXTargetDependency section */

/* Begin PBXVariantGroup section */
		772C675919549F520029CC10 /* InfoPlist.strings */ = {
			isa = PBXVariantGroup;
			children = (
				772C675A19549F520029CC10 /* en */,
			);
			name = InfoPlist.strings;
			sourceTree = "<group>";
		};
		772C676219549F520029CC10 /* Main.storyboard */ = {
			isa = PBXVariantGroup;
			children = (
				772C676319549F520029CC10 /* Base */,
			);
			name = Main.storyboard;
			sourceTree = "<group>";
		};
		772C677B19549F520029CC10 /* InfoPlist.strings */ = {
			isa = PBXVariantGroup;
			children = (
				772C677C19549F520029CC10 /* en */,
			);
			name = InfoPlist.strings;
			sourceTree = "<group>";
		};
/* End PBXVariantGroup section */

/* Begin XCBuildConfiguration section */
		772C678019549F520029CC10 /* Debug */ = {
			isa = XCBuildConfiguration;
			buildSettings = {
				ALWAYS_SEARCH_USER_PATHS = NO;
				ARCHS = "$(ARCHS_STANDARD_INCLUDING_64_BIT)";
				CLANG_CXX_LANGUAGE_STANDARD = "gnu++0x";
				CLANG_CXX_LIBRARY = "libc++";
				CLANG_ENABLE_MODULES = YES;
				CLANG_ENABLE_OBJC_ARC = YES;
				CLANG_WARN_BOOL_CONVERSION = YES;
				CLANG_WARN_CONSTANT_CONVERSION = YES;
				CLANG_WARN_DIRECT_OBJC_ISA_USAGE = YES_ERROR;
				CLANG_WARN_EMPTY_BODY = YES;
				CLANG_WARN_ENUM_CONVERSION = YES;
				CLANG_WARN_INT_CONVERSION = YES;
				CLANG_WARN_OBJC_ROOT_CLASS = YES_ERROR;
				CLANG_WARN__DUPLICATE_METHOD_MATCH = YES;
				"CODE_SIGN_IDENTITY[sdk=iphoneos*]" = "iPhone Developer";
				COPY_PHASE_STRIP = NO;
				GCC_C_LANGUAGE_STANDARD = gnu99;
				GCC_DYNAMIC_NO_PIC = NO;
				GCC_OPTIMIZATION_LEVEL = 0;
				GCC_PREPROCESSOR_DEFINITIONS = (
					"DEBUG=1",
					"$(inherited)",
				);
				GCC_SYMBOLS_PRIVATE_EXTERN = NO;
				GCC_WARN_64_TO_32_BIT_CONVERSION = YES;
				GCC_WARN_ABOUT_RETURN_TYPE = YES_ERROR;
				GCC_WARN_UNDECLARED_SELECTOR = YES;
				GCC_WARN_UNINITIALIZED_AUTOS = YES;
				GCC_WARN_UNUSED_FUNCTION = YES;
				GCC_WARN_UNUSED_VARIABLE = YES;
				IPHONEOS_DEPLOYMENT_TARGET = 7.0;
				ONLY_ACTIVE_ARCH = YES;
				SDKROOT = iphoneos;
			};
			name = Debug;
		};
		772C678119549F520029CC10 /* Release */ = {
			isa = XCBuildConfiguration;
			buildSettings = {
				ALWAYS_SEARCH_USER_PATHS = NO;
				ARCHS = "$(ARCHS_STANDARD_INCLUDING_64_BIT)";
				CLANG_CXX_LANGUAGE_STANDARD = "gnu++0x";
				CLANG_CXX_LIBRARY = "libc++";
				CLANG_ENABLE_MODULES = YES;
				CLANG_ENABLE_OBJC_ARC = YES;
				CLANG_WARN_BOOL_CONVERSION = YES;
				CLANG_WARN_CONSTANT_CONVERSION = YES;
				CLANG_WARN_DIRECT_OBJC_ISA_USAGE = YES_ERROR;
				CLANG_WARN_EMPTY_BODY = YES;
				CLANG_WARN_ENUM_CONVERSION = YES;
				CLANG_WARN_INT_CONVERSION = YES;
				CLANG_WARN_OBJC_ROOT_CLASS = YES_ERROR;
				CLANG_WARN__DUPLICATE_METHOD_MATCH = YES;
				"CODE_SIGN_IDENTITY[sdk=iphoneos*]" = "iPhone Developer";
				COPY_PHASE_STRIP = YES;
				ENABLE_NS_ASSERTIONS = NO;
				GCC_C_LANGUAGE_STANDARD = gnu99;
				GCC_WARN_64_TO_32_BIT_CONVERSION = YES;
				GCC_WARN_ABOUT_RETURN_TYPE = YES_ERROR;
				GCC_WARN_UNDECLARED_SELECTOR = YES;
				GCC_WARN_UNINITIALIZED_AUTOS = YES;
				GCC_WARN_UNUSED_FUNCTION = YES;
				GCC_WARN_UNUSED_VARIABLE = YES;
				IPHONEOS_DEPLOYMENT_TARGET = 7.0;
				SDKROOT = iphoneos;
				VALIDATE_PRODUCT = YES;
			};
			name = Release;
		};
		772C678319549F520029CC10 /* Debug */ = {
			isa = XCBuildConfiguration;
			buildSettings = {
				ASSETCATALOG_COMPILER_APPICON_NAME = AppIcon;
				ASSETCATALOG_COMPILER_LAUNCHIMAGE_NAME = LaunchImage;
				CODE_SIGN_IDENTITY = "iPhone Developer";
				"CODE_SIGN_IDENTITY[sdk=iphoneos*]" = "iPhone Developer";
				GCC_PRECOMPILE_PREFIX_HEADER = YES;
				GCC_PREFIX_HEADER = "WorldCupScores/WorldCupScores-Prefix.pch";
				INFOPLIST_FILE = "WorldCupScores/WorldCupScores-Info.plist";
				IPHONEOS_DEPLOYMENT_TARGET = 7.0;
				PRODUCT_NAME = "$(TARGET_NAME)";
				PROVISIONING_PROFILE = "";
				TARGETED_DEVICE_FAMILY = 1;
				WRAPPER_EXTENSION = app;
			};
			name = Debug;
		};
		772C678419549F520029CC10 /* Release */ = {
			isa = XCBuildConfiguration;
			buildSettings = {
				ASSETCATALOG_COMPILER_APPICON_NAME = AppIcon;
				ASSETCATALOG_COMPILER_LAUNCHIMAGE_NAME = LaunchImage;
				CODE_SIGN_IDENTITY = "iPhone Developer";
				"CODE_SIGN_IDENTITY[sdk=iphoneos*]" = "iPhone Developer";
				GCC_PRECOMPILE_PREFIX_HEADER = YES;
				GCC_PREFIX_HEADER = "WorldCupScores/WorldCupScores-Prefix.pch";
				INFOPLIST_FILE = "WorldCupScores/WorldCupScores-Info.plist";
				IPHONEOS_DEPLOYMENT_TARGET = 7.0;
				PRODUCT_NAME = "$(TARGET_NAME)";
				PROVISIONING_PROFILE = "";
				TARGETED_DEVICE_FAMILY = 1;
				WRAPPER_EXTENSION = app;
			};
			name = Release;
		};
		772C678619549F520029CC10 /* Debug */ = {
			isa = XCBuildConfiguration;
			buildSettings = {
				ARCHS = "$(ARCHS_STANDARD_INCLUDING_64_BIT)";
				BUNDLE_LOADER = "$(BUILT_PRODUCTS_DIR)/WorldCupScores.app/WorldCupScores";
				FRAMEWORK_SEARCH_PATHS = (
					"$(SDKROOT)/Developer/Library/Frameworks",
					"$(inherited)",
					"$(DEVELOPER_FRAMEWORKS_DIR)",
				);
				GCC_PRECOMPILE_PREFIX_HEADER = YES;
				GCC_PREFIX_HEADER = "WorldCupScores/WorldCupScores-Prefix.pch";
				GCC_PREPROCESSOR_DEFINITIONS = (
					"DEBUG=1",
					"$(inherited)",
				);
				INFOPLIST_FILE = "WorldCupScoresTests/WorldCupScoresTests-Info.plist";
				PRODUCT_NAME = "$(TARGET_NAME)";
				TEST_HOST = "$(BUNDLE_LOADER)";
				WRAPPER_EXTENSION = xctest;
			};
			name = Debug;
		};
		772C678719549F520029CC10 /* Release */ = {
			isa = XCBuildConfiguration;
			buildSettings = {
				ARCHS = "$(ARCHS_STANDARD_INCLUDING_64_BIT)";
				BUNDLE_LOADER = "$(BUILT_PRODUCTS_DIR)/WorldCupScores.app/WorldCupScores";
				FRAMEWORK_SEARCH_PATHS = (
					"$(SDKROOT)/Developer/Library/Frameworks",
					"$(inherited)",
					"$(DEVELOPER_FRAMEWORKS_DIR)",
				);
				GCC_PRECOMPILE_PREFIX_HEADER = YES;
				GCC_PREFIX_HEADER = "WorldCupScores/WorldCupScores-Prefix.pch";
				INFOPLIST_FILE = "WorldCupScoresTests/WorldCupScoresTests-Info.plist";
				PRODUCT_NAME = "$(TARGET_NAME)";
				TEST_HOST = "$(BUNDLE_LOADER)";
				WRAPPER_EXTENSION = xctest;
			};
			name = Release;
		};
		B292EED5195650B8001F343C /* AppStore */ = {
			isa = XCBuildConfiguration;
			buildSettings = {
				ALWAYS_SEARCH_USER_PATHS = NO;
				ARCHS = "$(ARCHS_STANDARD_INCLUDING_64_BIT)";
				CLANG_CXX_LANGUAGE_STANDARD = "gnu++0x";
				CLANG_CXX_LIBRARY = "libc++";
				CLANG_ENABLE_MODULES = YES;
				CLANG_ENABLE_OBJC_ARC = YES;
				CLANG_WARN_BOOL_CONVERSION = YES;
				CLANG_WARN_CONSTANT_CONVERSION = YES;
				CLANG_WARN_DIRECT_OBJC_ISA_USAGE = YES_ERROR;
				CLANG_WARN_EMPTY_BODY = YES;
				CLANG_WARN_ENUM_CONVERSION = YES;
				CLANG_WARN_INT_CONVERSION = YES;
				CLANG_WARN_OBJC_ROOT_CLASS = YES_ERROR;
				CLANG_WARN__DUPLICATE_METHOD_MATCH = YES;
				"CODE_SIGN_IDENTITY[sdk=iphoneos*]" = "iPhone Developer";
				COPY_PHASE_STRIP = YES;
				ENABLE_NS_ASSERTIONS = NO;
				GCC_C_LANGUAGE_STANDARD = gnu99;
				GCC_WARN_64_TO_32_BIT_CONVERSION = YES;
				GCC_WARN_ABOUT_RETURN_TYPE = YES_ERROR;
				GCC_WARN_UNDECLARED_SELECTOR = YES;
				GCC_WARN_UNINITIALIZED_AUTOS = YES;
				GCC_WARN_UNUSED_FUNCTION = YES;
				GCC_WARN_UNUSED_VARIABLE = YES;
				IPHONEOS_DEPLOYMENT_TARGET = 7.0;
				SDKROOT = iphoneos;
				VALIDATE_PRODUCT = YES;
			};
			name = AppStore;
		};
		B292EED6195650B8001F343C /* AppStore */ = {
			isa = XCBuildConfiguration;
			buildSettings = {
				ASSETCATALOG_COMPILER_APPICON_NAME = AppIcon;
				ASSETCATALOG_COMPILER_LAUNCHIMAGE_NAME = LaunchImage;
				CODE_SIGN_IDENTITY = "iPhone Developer";
				"CODE_SIGN_IDENTITY[sdk=iphoneos*]" = "iPhone Developer";
				GCC_PRECOMPILE_PREFIX_HEADER = YES;
				GCC_PREFIX_HEADER = "WorldCupScores/WorldCupScores-Prefix.pch";
				INFOPLIST_FILE = "WorldCupScores/WorldCupScores-Info.plist";
				IPHONEOS_DEPLOYMENT_TARGET = 7.0;
				PRODUCT_NAME = "$(TARGET_NAME)";
				PROVISIONING_PROFILE = "";
				TARGETED_DEVICE_FAMILY = 1;
				WRAPPER_EXTENSION = app;
			};
			name = AppStore;
		};
		B292EED7195650B8001F343C /* AppStore */ = {
			isa = XCBuildConfiguration;
			buildSettings = {
				ARCHS = "$(ARCHS_STANDARD_INCLUDING_64_BIT)";
				BUNDLE_LOADER = "$(BUILT_PRODUCTS_DIR)/WorldCupScores.app/WorldCupScores";
				FRAMEWORK_SEARCH_PATHS = (
					"$(SDKROOT)/Developer/Library/Frameworks",
					"$(inherited)",
					"$(DEVELOPER_FRAMEWORKS_DIR)",
				);
				GCC_PRECOMPILE_PREFIX_HEADER = YES;
				GCC_PREFIX_HEADER = "WorldCupScores/WorldCupScores-Prefix.pch";
				INFOPLIST_FILE = "WorldCupScoresTests/WorldCupScoresTests-Info.plist";
				PRODUCT_NAME = "$(TARGET_NAME)";
				TEST_HOST = "$(BUNDLE_LOADER)";
				WRAPPER_EXTENSION = xctest;
			};
			name = AppStore;
		};
/* End XCBuildConfiguration section */

/* Begin XCConfigurationList section */
		772C674819549F520029CC10 /* Build configuration list for PBXProject "WorldCupScores" */ = {
			isa = XCConfigurationList;
			buildConfigurations = (
				772C678019549F520029CC10 /* Debug */,
				772C678119549F520029CC10 /* Release */,
				B292EED5195650B8001F343C /* AppStore */,
			);
			defaultConfigurationIsVisible = 0;
			defaultConfigurationName = Release;
		};
		772C678219549F520029CC10 /* Build configuration list for PBXNativeTarget "WorldCupScores" */ = {
			isa = XCConfigurationList;
			buildConfigurations = (
				772C678319549F520029CC10 /* Debug */,
				772C678419549F520029CC10 /* Release */,
				B292EED6195650B8001F343C /* AppStore */,
			);
			defaultConfigurationIsVisible = 0;
			defaultConfigurationName = Release;
		};
		772C678519549F520029CC10 /* Build configuration list for PBXNativeTarget "WorldCupScoresTests" */ = {
			isa = XCConfigurationList;
			buildConfigurations = (
				772C678619549F520029CC10 /* Debug */,
				772C678719549F520029CC10 /* Release */,
				B292EED7195650B8001F343C /* AppStore */,
			);
			defaultConfigurationIsVisible = 0;
			defaultConfigurationName = Release;
		};
/* End XCConfigurationList section */
	};
	rootObject = 772C674519549F520029CC10 /* Project object */;
}
